
Microsoft Visual Studio Solution File, Format Version 12.00
# Visual Studio Version 16
VisualStudioVersion = 16.0.30804.86
MinimumVisualStudioVersion = 10.0.40219.1
Project("{FAE04EC0-301F-11D3-BF4B-00C04F79EFBC}") = "SH1Base64Crypto", "SH1Base64Crypto\SH1Base64Crypto.csproj", "{E58ED0F0-6141-443F-A877-99B0D33BB1D4}"
EndProject
Global
	GlobalSection(SolutionConfigurationPlatforms) = preSolution
		Debug|Any CPU = Debug|Any CPU
		Release|Any CPU = Release|Any CPU
	EndGlobalSection
	GlobalSection(ProjectConfigurationPlatforms) = postSolution
		{E58ED0F0-6141-443F-A877-99B0D33BB1D4}.Debug|Any CPU.ActiveCfg = Debug|Any CPU
		{E58ED0F0-6141-443F-A877-99B0D33BB1D4}.Debug|Any CPU.Build.0 = Debug|Any CPU
		{E58ED0F0-6141-443F-A877-99B0D33BB1D4}.Release|Any CPU.ActiveCfg = Release|Any CPU
		{E58ED0F0-6141-443F-A877-99B0D33BB1D4}.Release|Any CPU.Build.0 = Release|Any CPU
	EndGlobalSection
	GlobalSection(SolutionProperties) = preSolution
		HideSolutionNode = FALSE
	EndGlobalSection
	GlobalSection(ExtensibilityGlobals) = postSolution
		SolutionGuid = {929F2A95-561A-4D95-B0AC-117EB258AC15}
	EndGlobalSection
EndGlobal
